
Microsoft Visual Studio Solution File, Format Version 12.00
# Visual Studio Version 16
VisualStudioVersion = 16.0.30611.23
MinimumVisualStudioVersion = 10.0.40219.1
Project("{FAE04EC0-301F-11D3-BF4B-00C04F79EFBC}") = "machinetest", "machinetest\machinetest.csproj", "{676909A1-1906-42CC-B02E-4741AC99CD25}"
EndProject
Global
	GlobalSection(SolutionConfigurationPlatforms) = preSolution
		Debug|Any CPU = Debug|Any CPU
		Release|Any CPU = Release|Any CPU
	EndGlobalSection
	GlobalSection(ProjectConfigurationPlatforms) = postSolution
		{676909A1-1906-42CC-B02E-4741AC99CD25}.Debug|Any CPU.ActiveCfg = Debug|Any CPU
		{676909A1-1906-42CC-B02E-4741AC99CD25}.Debug|Any CPU.Build.0 = Debug|Any CPU
		{676909A1-1906-42CC-B02E-4741AC99CD25}.Release|Any CPU.ActiveCfg = Release|Any CPU
		{676909A1-1906-42CC-B02E-4741AC99CD25}.Release|Any CPU.Build.0 = Release|Any CPU
	EndGlobalSection
	GlobalSection(SolutionProperties) = preSolution
		HideSolutionNode = FALSE
	EndGlobalSection
	GlobalSection(ExtensibilityGlobals) = postSolution
		SolutionGuid = {B4EEB12B-2D8B-44F1-A40A-AC0B6520CB0E}
	EndGlobalSection
EndGlobal
